
Microsoft Visual Studio Solution File, Format Version 12.00
# Visual Studio Version 16
VisualStudioVersion = 16.0.29102.190
MinimumVisualStudioVersion = 10.0.40219.1
Project("{9A19103F-16F7-4668-BE54-9A1E7A4F7556}") = "JudgeWeb.Data", "JudgeWeb.Data\JudgeWeb.Data.csproj", "{63157208-B624-4398-83F5-09AAD2417349}"
EndProject
Project("{9A19103F-16F7-4668-BE54-9A1E7A4F7556}") = "JudgeWeb.Features.Mailing", "JudgeWeb.Features.Mailing\JudgeWeb.Features.Mailing.csproj", "{2180993C-40DC-4B6A-976B-BEB56111AF91}"
EndProject
Project("{9A19103F-16F7-4668-BE54-9A1E7A4F7556}") = "JudgeWeb.Features.OjUpdate", "JudgeWeb.Features.OjUpdate\JudgeWeb.Features.OjUpdate.csproj", "{5A472580-2683-45C1-829D-A84967F7E655}"
EndProject
Project("{9A19103F-16F7-4668-BE54-9A1E7A4F7556}") = "JudgeWeb.Features.Extensions", "JudgeWeb.Features.Extensions\JudgeWeb.Features.Extensions.csproj", "{7DEF4287-E028-4CC7-8042-F6388670E561}"
EndProject
Project("{2150E333-8FDC-42A3-9474-1A3956D46DE8}") = "JudgeWeb.Features", "JudgeWeb.Features", "{AD3B2CEC-7BDE-46B0-B9DB-BE3717CAEE13}"
EndProject
Project("{9A19103F-16F7-4668-BE54-9A1E7A4F7556}") = "JudgeWeb.Features.AspNetCore", "JudgeWeb.Features.AspNetCore\JudgeWeb.Features.AspNetCore.csproj", "{E4488001-866E-4889-BB76-5530D6FF6011}"
EndProject
Project("{9A19103F-16F7-4668-BE54-9A1E7A4F7556}") = "JudgeWeb", "JudgeWeb\JudgeWeb.csproj", "{0E68EB4A-30BC-4145-8770-2174B2F4DAF7}"
EndProject
Project("{9A19103F-16F7-4668-BE54-9A1E7A4F7556}") = "JudgeWeb.Areas.Account", "JudgeWeb.Areas.Account\JudgeWeb.Areas.Account.csproj", "{AF684CA6-B393-43F2-B217-FE4D2F83FBB5}"
EndProject
Project("{9A19103F-16F7-4668-BE54-9A1E7A4F7556}") = "JudgeWeb.Areas.Misc", "JudgeWeb.Areas.Misc\JudgeWeb.Areas.Misc.csproj", "{67A5D1EC-5682-4FDD-8519-7F08A05F1698}"
EndProject
Project("{2150E333-8FDC-42A3-9474-1A3956D46DE8}") = "JudgeWeb.Areas", "JudgeWeb.Areas", "{9899DEFC-868A-434C-A666-DBD2E829FA3F}"
EndProject
Project("{9A19103F-16F7-4668-BE54-9A1E7A4F7556}") = "JudgeWeb.Areas.Contest", "JudgeWeb.Areas.Contest\JudgeWeb.Areas.Contest.csproj", "{A9F932A3-7857-405B-B1DA-B0C620AD55DA}"
EndProject
Project("{9A19103F-16F7-4668-BE54-9A1E7A4F7556}") = "JudgeWeb.Areas.Dashboard", "JudgeWeb.Areas.Dashboard\JudgeWeb.Areas.Dashboard.csproj", "{D8E990C7-E4BE-4F2D-AF36-BE6810CBCF1B}"
EndProject
Project("{9A19103F-16F7-4668-BE54-9A1E7A4F7556}") = "JudgeWeb.Areas.Polygon", "JudgeWeb.Areas.Polygon\JudgeWeb.Areas.Polygon.csproj", "{1AD941C5-B117-486D-A168-0FCE4118568D}"
EndProject
Project("{9A19103F-16F7-4668-BE54-9A1E7A4F7556}") = "JudgeWeb.Domains.Contests.Scoreboard", "JudgeWeb.Features.Scoreboard\JudgeWeb.Domains.Contests.Scoreboard.csproj", "{07C5FC60-F1A0-4278-A4EF-91ACD9934E3B}"
EndProject
Project("{9A19103F-16F7-4668-BE54-9A1E7A4F7556}") = "JudgeWeb.Features.ApplicationPart", "JudgeWeb.Features.ApplicationPart\JudgeWeb.Features.ApplicationPart.csproj", "{71732EED-D350-460C-BCEF-19417F56D65F}"
EndProject
Project("{9A19103F-16F7-4668-BE54-9A1E7A4F7556}") = "JudgeWeb.Features.Routing", "JudgeWeb.Features.Routing\JudgeWeb.Features.Routing.csproj", "{4EF195FB-08B1-4C57-94EB-18DBA98B0541}"
EndProject
Project("{9A19103F-16F7-4668-BE54-9A1E7A4F7556}") = "JudgeWeb.Domains.Identity", "JudgeWeb.Domains.Identity\JudgeWeb.Domains.Identity.csproj", "{68FD4178-10C0-4C53-BFE2-DC61FF4FCC7C}"
EndProject
Project("{2150E333-8FDC-42A3-9474-1A3956D46DE8}") = "JudgeWeb.Database", "JudgeWeb.Database", "{57D1FDFB-07CC-42A5-89DD-1D178BACDE90}"
EndProject
Project("{2150E333-8FDC-42A3-9474-1A3956D46DE8}") = "Solution Items", "Solution Items", "{910E8B11-93DC-4F7B-BAED-64299288E85A}"
	ProjectSection(SolutionItems) = preProject
		.editorconfig = .editorconfig
		NuGet.config = NuGet.config
	EndProjectSection
EndProject
Project("{9A19103F-16F7-4668-BE54-9A1E7A4F7556}") = "JudgeWeb.Domains.Contests", "JudgeWeb.Domains.Contest\JudgeWeb.Domains.Contests.csproj", "{8D44B6A8-78E9-4182-9084-C0098FE47C95}"
EndProject
Project("{9A19103F-16F7-4668-BE54-9A1E7A4F7556}") = "JudgeWeb.Domains.Problems", "JudgeWeb.Domains.Problem\JudgeWeb.Domains.Problems.csproj", "{690C3DE8-7C19-4AD5-AA8D-24104DAF0F7D}"
EndProject
Project("{9A19103F-16F7-4668-BE54-9A1E7A4F7556}") = "JudgeWeb.Domains.Problems.Abstraction", "JudgeWeb.Domains.Problem.Abstraction\JudgeWeb.Domains.Problems.Abstraction.csproj", "{C5978E2D-81B7-408B-93C9-84C1DA4B46C7}"
EndProject
Project("{9A19103F-16F7-4668-BE54-9A1E7A4F7556}") = "JudgeWeb.Domains.Contests.Abstraction", "JudgeWeb.Domains.Contest.Abstraction\JudgeWeb.Domains.Contests.Abstraction.csproj", "{11A81BC0-489E-43CA-B806-6947F512C53B}"
EndProject
Project("{9A19103F-16F7-4668-BE54-9A1E7A4F7556}") = "JudgeWeb.Domains.Identity.Abstraction", "JudgeWeb.Domains.Identity.Abstraction\JudgeWeb.Domains.Identity.Abstraction.csproj", "{538E4E8C-DBE9-4638-B87A-58B08B489DCA}"
EndProject
Project("{FAE04EC0-301F-11D3-BF4B-00C04F79EFBC}") = "JudgeWeb.Domains.Contests.CcsApi", "JudgeWeb.Domains.Contest.CcsApi\JudgeWeb.Domains.Contests.CcsApi.csproj", "{F7E06A97-6AD2-492C-B2D2-603C374F59D0}"
EndProject
Global
	GlobalSection(SolutionConfigurationPlatforms) = preSolution
		Debug|Any CPU = Debug|Any CPU
		Release|Any CPU = Release|Any CPU
	EndGlobalSection
	GlobalSection(ProjectConfigurationPlatforms) = postSolution
		{63157208-B624-4398-83F5-09AAD2417349}.Debug|Any CPU.ActiveCfg = Debug|Any CPU
		{63157208-B624-4398-83F5-09AAD2417349}.Debug|Any CPU.Build.0 = Debug|Any CPU
		{63157208-B624-4398-83F5-09AAD2417349}.Release|Any CPU.ActiveCfg = Release|Any CPU
		{63157208-B624-4398-83F5-09AAD2417349}.Release|Any CPU.Build.0 = Release|Any CPU
		{2180993C-40DC-4B6A-976B-BEB56111AF91}.Debug|Any CPU.ActiveCfg = Debug|Any CPU
		{2180993C-40DC-4B6A-976B-BEB56111AF91}.Debug|Any CPU.Build.0 = Debug|Any CPU
		{2180993C-40DC-4B6A-976B-BEB56111AF91}.Release|Any CPU.ActiveCfg = Release|Any CPU
		{2180993C-40DC-4B6A-976B-BEB56111AF91}.Release|Any CPU.Build.0 = Release|Any CPU
		{5A472580-2683-45C1-829D-A84967F7E655}.Debug|Any CPU.ActiveCfg = Debug|Any CPU
		{5A472580-2683-45C1-829D-A84967F7E655}.Debug|Any CPU.Build.0 = Debug|Any CPU
		{5A472580-2683-45C1-829D-A84967F7E655}.Release|Any CPU.ActiveCfg = Release|Any CPU
		{5A472580-2683-45C1-829D-A84967F7E655}.Release|Any CPU.Build.0 = Release|Any CPU
		{7DEF4287-E028-4CC7-8042-F6388670E561}.Debug|Any CPU.ActiveCfg = Debug|Any CPU
		{7DEF4287-E028-4CC7-8042-F6388670E561}.Debug|Any CPU.Build.0 = Debug|Any CPU
		{7DEF4287-E028-4CC7-8042-F6388670E561}.Release|Any CPU.ActiveCfg = Release|Any CPU
		{7DEF4287-E028-4CC7-8042-F6388670E561}.Release|Any CPU.Build.0 = Release|Any CPU
		{E4488001-866E-4889-BB76-5530D6FF6011}.Debug|Any CPU.ActiveCfg = Debug|Any CPU
		{E4488001-866E-4889-BB76-5530D6FF6011}.Debug|Any CPU.Build.0 = Debug|Any CPU
		{E4488001-866E-4889-BB76-5530D6FF6011}.Release|Any CPU.ActiveCfg = Release|Any CPU
		{E4488001-866E-4889-BB76-5530D6FF6011}.Release|Any CPU.Build.0 = Release|Any CPU
		{0E68EB4A-30BC-4145-8770-2174B2F4DAF7}.Debug|Any CPU.ActiveCfg = Debug|Any CPU
		{0E68EB4A-30BC-4145-8770-2174B2F4DAF7}.Debug|Any CPU.Build.0 = Debug|Any CPU
		{0E68EB4A-30BC-4145-8770-2174B2F4DAF7}.Release|Any CPU.ActiveCfg = Release|Any CPU
		{0E68EB4A-30BC-4145-8770-2174B2F4DAF7}.Release|Any CPU.Build.0 = Release|Any CPU
		{AF684CA6-B393-43F2-B217-FE4D2F83FBB5}.Debug|Any CPU.ActiveCfg = Debug|Any CPU
		{AF684CA6-B393-43F2-B217-FE4D2F83FBB5}.Debug|Any CPU.Build.0 = Debug|Any CPU
		{AF684CA6-B393-43F2-B217-FE4D2F83FBB5}.Release|Any CPU.ActiveCfg = Release|Any CPU
		{AF684CA6-B393-43F2-B217-FE4D2F83FBB5}.Release|Any CPU.Build.0 = Release|Any CPU
		{67A5D1EC-5682-4FDD-8519-7F08A05F1698}.Debug|Any CPU.ActiveCfg = Debug|Any CPU
		{67A5D1EC-5682-4FDD-8519-7F08A05F1698}.Debug|Any CPU.Build.0 = Debug|Any CPU
		{67A5D1EC-5682-4FDD-8519-7F08A05F1698}.Release|Any CPU.ActiveCfg = Release|Any CPU
		{67A5D1EC-5682-4FDD-8519-7F08A05F1698}.Release|Any CPU.Build.0 = Release|Any CPU
		{A9F932A3-7857-405B-B1DA-B0C620AD55DA}.Debug|Any CPU.ActiveCfg = Debug|Any CPU
		{A9F932A3-7857-405B-B1DA-B0C620AD55DA}.Debug|Any CPU.Build.0 = Debug|Any CPU
		{A9F932A3-7857-405B-B1DA-B0C620AD55DA}.Release|Any CPU.ActiveCfg = Release|Any CPU
		{A9F932A3-7857-405B-B1DA-B0C620AD55DA}.Release|Any CPU.Build.0 = Release|Any CPU
		{D8E990C7-E4BE-4F2D-AF36-BE6810CBCF1B}.Debug|Any CPU.ActiveCfg = Debug|Any CPU
		{D8E990C7-E4BE-4F2D-AF36-BE6810CBCF1B}.Debug|Any CPU.Build.0 = Debug|Any CPU
		{D8E990C7-E4BE-4F2D-AF36-BE6810CBCF1B}.Release|Any CPU.ActiveCfg = Release|Any CPU
		{D8E990C7-E4BE-4F2D-AF36-BE6810CBCF1B}.Release|Any CPU.Build.0 = Release|Any CPU
		{1AD941C5-B117-486D-A168-0FCE4118568D}.Debug|Any CPU.ActiveCfg = Debug|Any CPU
		{1AD941C5-B117-486D-A168-0FCE4118568D}.Debug|Any CPU.Build.0 = Debug|Any CPU
		{1AD941C5-B117-486D-A168-0FCE4118568D}.Release|Any CPU.ActiveCfg = Release|Any CPU
		{1AD941C5-B117-486D-A168-0FCE4118568D}.Release|Any CPU.Build.0 = Release|Any CPU
		{07C5FC60-F1A0-4278-A4EF-91ACD9934E3B}.Debug|Any CPU.ActiveCfg = Debug|Any CPU
		{07C5FC60-F1A0-4278-A4EF-91ACD9934E3B}.Debug|Any CPU.Build.0 = Debug|Any CPU
		{07C5FC60-F1A0-4278-A4EF-91ACD9934E3B}.Release|Any CPU.ActiveCfg = Release|Any CPU
		{07C5FC60-F1A0-4278-A4EF-91ACD9934E3B}.Release|Any CPU.Build.0 = Release|Any CPU
		{71732EED-D350-460C-BCEF-19417F56D65F}.Debug|Any CPU.ActiveCfg = Debug|Any CPU
		{71732EED-D350-460C-BCEF-19417F56D65F}.Debug|Any CPU.Build.0 = Debug|Any CPU
		{71732EED-D350-460C-BCEF-19417F56D65F}.Release|Any CPU.ActiveCfg = Release|Any CPU
		{71732EED-D350-460C-BCEF-19417F56D65F}.Release|Any CPU.Build.0 = Release|Any CPU
		{4EF195FB-08B1-4C57-94EB-18DBA98B0541}.Debug|Any CPU.ActiveCfg = Debug|Any CPU
		{4EF195FB-08B1-4C57-94EB-18DBA98B0541}.Debug|Any CPU.Build.0 = Debug|Any CPU
		{4EF195FB-08B1-4C57-94EB-18DBA98B0541}.Release|Any CPU.ActiveCfg = Release|Any CPU
		{4EF195FB-08B1-4C57-94EB-18DBA98B0541}.Release|Any CPU.Build.0 = Release|Any CPU
		{68FD4178-10C0-4C53-BFE2-DC61FF4FCC7C}.Debug|Any CPU.ActiveCfg = Debug|Any CPU
		{68FD4178-10C0-4C53-BFE2-DC61FF4FCC7C}.Debug|Any CPU.Build.0 = Debug|Any CPU
		{68FD4178-10C0-4C53-BFE2-DC61FF4FCC7C}.Release|Any CPU.ActiveCfg = Release|Any CPU
		{68FD4178-10C0-4C53-BFE2-DC61FF4FCC7C}.Release|Any CPU.Build.0 = Release|Any CPU
		{8D44B6A8-78E9-4182-9084-C0098FE47C95}.Debug|Any CPU.ActiveCfg = Debug|Any CPU
		{8D44B6A8-78E9-4182-9084-C0098FE47C95}.Debug|Any CPU.Build.0 = Debug|Any CPU
		{8D44B6A8-78E9-4182-9084-C0098FE47C95}.Release|Any CPU.ActiveCfg = Release|Any CPU
		{8D44B6A8-78E9-4182-9084-C0098FE47C95}.Release|Any CPU.Build.0 = Release|Any CPU
		{690C3DE8-7C19-4AD5-AA8D-24104DAF0F7D}.Debug|Any CPU.ActiveCfg = Debug|Any CPU
		{690C3DE8-7C19-4AD5-AA8D-24104DAF0F7D}.Debug|Any CPU.Build.0 = Debug|Any CPU
		{690C3DE8-7C19-4AD5-AA8D-24104DAF0F7D}.Release|Any CPU.ActiveCfg = Release|Any CPU
		{690C3DE8-7C19-4AD5-AA8D-24104DAF0F7D}.Release|Any CPU.Build.0 = Release|Any CPU
		{C5978E2D-81B7-408B-93C9-84C1DA4B46C7}.Debug|Any CPU.ActiveCfg = Debug|Any CPU
		{C5978E2D-81B7-408B-93C9-84C1DA4B46C7}.Debug|Any CPU.Build.0 = Debug|Any CPU
		{C5978E2D-81B7-408B-93C9-84C1DA4B46C7}.Release|Any CPU.ActiveCfg = Release|Any CPU
		{C5978E2D-81B7-408B-93C9-84C1DA4B46C7}.Release|Any CPU.Build.0 = Release|Any CPU
		{11A81BC0-489E-43CA-B806-6947F512C53B}.Debug|Any CPU.ActiveCfg = Debug|Any CPU
		{11A81BC0-489E-43CA-B806-6947F512C53B}.Debug|Any CPU.Build.0 = Debug|Any CPU
		{11A81BC0-489E-43CA-B806-6947F512C53B}.Release|Any CPU.ActiveCfg = Release|Any CPU
		{11A81BC0-489E-43CA-B806-6947F512C53B}.Release|Any CPU.Build.0 = Release|Any CPU
		{538E4E8C-DBE9-4638-B87A-58B08B489DCA}.Debug|Any CPU.ActiveCfg = Debug|Any CPU
		{538E4E8C-DBE9-4638-B87A-58B08B489DCA}.Debug|Any CPU.Build.0 = Debug|Any CPU
		{538E4E8C-DBE9-4638-B87A-58B08B489DCA}.Release|Any CPU.ActiveCfg = Release|Any CPU
		{538E4E8C-DBE9-4638-B87A-58B08B489DCA}.Release|Any CPU.Build.0 = Release|Any CPU
		{F7E06A97-6AD2-492C-B2D2-603C374F59D0}.Debug|Any CPU.ActiveCfg = Debug|Any CPU
		{F7E06A97-6AD2-492C-B2D2-603C374F59D0}.Debug|Any CPU.Build.0 = Debug|Any CPU
		{F7E06A97-6AD2-492C-B2D2-603C374F59D0}.Release|Any CPU.ActiveCfg = Release|Any CPU
		{F7E06A97-6AD2-492C-B2D2-603C374F59D0}.Release|Any CPU.Build.0 = Release|Any CPU
	EndGlobalSection
	GlobalSection(SolutionProperties) = preSolution
		HideSolutionNode = FALSE
	EndGlobalSection
	GlobalSection(NestedProjects) = preSolution
		{63157208-B624-4398-83F5-09AAD2417349} = {57D1FDFB-07CC-42A5-89DD-1D178BACDE90}
		{2180993C-40DC-4B6A-976B-BEB56111AF91} = {AD3B2CEC-7BDE-46B0-B9DB-BE3717CAEE13}
		{5A472580-2683-45C1-829D-A84967F7E655} = {AD3B2CEC-7BDE-46B0-B9DB-BE3717CAEE13}
		{7DEF4287-E028-4CC7-8042-F6388670E561} = {AD3B2CEC-7BDE-46B0-B9DB-BE3717CAEE13}
		{E4488001-866E-4889-BB76-5530D6FF6011} = {AD3B2CEC-7BDE-46B0-B9DB-BE3717CAEE13}
		{AF684CA6-B393-43F2-B217-FE4D2F83FBB5} = {9899DEFC-868A-434C-A666-DBD2E829FA3F}
		{67A5D1EC-5682-4FDD-8519-7F08A05F1698} = {9899DEFC-868A-434C-A666-DBD2E829FA3F}
		{A9F932A3-7857-405B-B1DA-B0C620AD55DA} = {9899DEFC-868A-434C-A666-DBD2E829FA3F}
		{D8E990C7-E4BE-4F2D-AF36-BE6810CBCF1B} = {9899DEFC-868A-434C-A666-DBD2E829FA3F}
		{1AD941C5-B117-486D-A168-0FCE4118568D} = {9899DEFC-868A-434C-A666-DBD2E829FA3F}
		{07C5FC60-F1A0-4278-A4EF-91ACD9934E3B} = {57D1FDFB-07CC-42A5-89DD-1D178BACDE90}
		{71732EED-D350-460C-BCEF-19417F56D65F} = {AD3B2CEC-7BDE-46B0-B9DB-BE3717CAEE13}
		{4EF195FB-08B1-4C57-94EB-18DBA98B0541} = {AD3B2CEC-7BDE-46B0-B9DB-BE3717CAEE13}
		{68FD4178-10C0-4C53-BFE2-DC61FF4FCC7C} = {57D1FDFB-07CC-42A5-89DD-1D178BACDE90}
		{8D44B6A8-78E9-4182-9084-C0098FE47C95} = {57D1FDFB-07CC-42A5-89DD-1D178BACDE90}
		{690C3DE8-7C19-4AD5-AA8D-24104DAF0F7D} = {57D1FDFB-07CC-42A5-89DD-1D178BACDE90}
		{C5978E2D-81B7-408B-93C9-84C1DA4B46C7} = {57D1FDFB-07CC-42A5-89DD-1D178BACDE90}
		{11A81BC0-489E-43CA-B806-6947F512C53B} = {57D1FDFB-07CC-42A5-89DD-1D178BACDE90}
		{538E4E8C-DBE9-4638-B87A-58B08B489DCA} = {57D1FDFB-07CC-42A5-89DD-1D178BACDE90}
		{F7E06A97-6AD2-492C-B2D2-603C374F59D0} = {57D1FDFB-07CC-42A5-89DD-1D178BACDE90}
	EndGlobalSection
	GlobalSection(ExtensibilityGlobals) = postSolution
		SolutionGuid = {63A11EAF-DF83-49FD-B3CD-4AB686D1C955}
	EndGlobalSection
EndGlobal
