
Microsoft Visual Studio Solution File, Format Version 12.00
# Visual Studio Version 16
VisualStudioVersion = 16.0.29102.190
MinimumVisualStudioVersion = 10.0.40219.1
Project("{9A19103F-16F7-4668-BE54-9A1E7A4F7556}") = "JudgeWeb.Data", "JudgeWeb.Data\JudgeWeb.Data.csproj", "{63157208-B624-4398-83F5-09AAD2417349}"
EndProject
Project("{9A19103F-16F7-4668-BE54-9A1E7A4F7556}") = "JudgeWeb.Features.Mailing", "JudgeWeb.Features.Mailing\JudgeWeb.Features.Mailing.csproj", "{2180993C-40DC-4B6A-976B-BEB56111AF91}"
EndProject
Project("{9A19103F-16F7-4668-BE54-9A1E7A4F7556}") = "JudgeWeb.Features.Markdown", "JudgeWeb.Features.Markdown\JudgeWeb.Features.Markdown.csproj", "{CB2F800A-D394-4B29-9992-C07785E06AB3}"
EndProject
Project("{9A19103F-16F7-4668-BE54-9A1E7A4F7556}") = "JudgeWeb.Features.OjUpdate", "JudgeWeb.Features.OjUpdate\JudgeWeb.Features.OjUpdate.csproj", "{5A472580-2683-45C1-829D-A84967F7E655}"
EndProject
Project("{9A19103F-16F7-4668-BE54-9A1E7A4F7556}") = "JudgeWeb.Features.Extensions", "JudgeWeb.Features.Extensions\JudgeWeb.Features.Extensions.csproj", "{7DEF4287-E028-4CC7-8042-F6388670E561}"
EndProject
Project("{2150E333-8FDC-42A3-9474-1A3956D46DE8}") = "JudgeWeb.Features", "JudgeWeb.Features", "{AD3B2CEC-7BDE-46B0-B9DB-BE3717CAEE13}"
EndProject
Project("{9A19103F-16F7-4668-BE54-9A1E7A4F7556}") = "JudgeWeb.Features.Storage", "JudgeWeb.Features.Storage\JudgeWeb.Features.Storage.csproj", "{FF940EE2-001C-42D3-A1D4-92F794065BBA}"
EndProject
Project("{9A19103F-16F7-4668-BE54-9A1E7A4F7556}") = "JudgeWeb.Features.AspNetCore", "JudgeWeb.Features.AspNetCore\JudgeWeb.Features.AspNetCore.csproj", "{E4488001-866E-4889-BB76-5530D6FF6011}"
EndProject
Project("{9A19103F-16F7-4668-BE54-9A1E7A4F7556}") = "JudgeWeb", "JudgeWeb\JudgeWeb.csproj", "{0E68EB4A-30BC-4145-8770-2174B2F4DAF7}"
EndProject
Project("{9A19103F-16F7-4668-BE54-9A1E7A4F7556}") = "JudgeWeb.Areas.Account", "JudgeWeb.Areas.Account\JudgeWeb.Areas.Account.csproj", "{AF684CA6-B393-43F2-B217-FE4D2F83FBB5}"
EndProject
Project("{9A19103F-16F7-4668-BE54-9A1E7A4F7556}") = "JudgeWeb.Areas.Misc", "JudgeWeb.Areas.Misc\JudgeWeb.Areas.Misc.csproj", "{67A5D1EC-5682-4FDD-8519-7F08A05F1698}"
EndProject
Project("{2150E333-8FDC-42A3-9474-1A3956D46DE8}") = "JudgeWeb.Areas", "JudgeWeb.Areas", "{9899DEFC-868A-434C-A666-DBD2E829FA3F}"
EndProject
Project("{9A19103F-16F7-4668-BE54-9A1E7A4F7556}") = "JudgeWeb.Areas.Contest", "JudgeWeb.Areas.Contest\JudgeWeb.Areas.Contest.csproj", "{A9F932A3-7857-405B-B1DA-B0C620AD55DA}"
EndProject
Project("{9A19103F-16F7-4668-BE54-9A1E7A4F7556}") = "JudgeWeb.Areas.Dashboard", "JudgeWeb.Areas.Dashboard\JudgeWeb.Areas.Dashboard.csproj", "{D8E990C7-E4BE-4F2D-AF36-BE6810CBCF1B}"
EndProject
Project("{9A19103F-16F7-4668-BE54-9A1E7A4F7556}") = "JudgeWeb.Areas.Polygon", "JudgeWeb.Areas.Polygon\JudgeWeb.Areas.Polygon.csproj", "{1AD941C5-B117-486D-A168-0FCE4118568D}"
EndProject
Project("{9A19103F-16F7-4668-BE54-9A1E7A4F7556}") = "JudgeWeb.Features.Scoreboard", "JudgeWeb.Features.Scoreboard\JudgeWeb.Features.Scoreboard.csproj", "{07C5FC60-F1A0-4278-A4EF-91ACD9934E3B}"
EndProject
Project("{9A19103F-16F7-4668-BE54-9A1E7A4F7556}") = "JudgeWeb.Features.ApplicationPart", "JudgeWeb.Features.ApplicationPart\JudgeWeb.Features.ApplicationPart.csproj", "{71732EED-D350-460C-BCEF-19417F56D65F}"
EndProject
Project("{9A19103F-16F7-4668-BE54-9A1E7A4F7556}") = "JudgeWeb.Features.Routing", "JudgeWeb.Features.Routing\JudgeWeb.Features.Routing.csproj", "{4EF195FB-08B1-4C57-94EB-18DBA98B0541}"
EndProject
Project("{9A19103F-16F7-4668-BE54-9A1E7A4F7556}") = "JudgeWeb.Features.Security", "JudgeWeb.Features.Security\JudgeWeb.Features.Security.csproj", "{68FD4178-10C0-4C53-BFE2-DC61FF4FCC7C}"
EndProject
Project("{FAE04EC0-301F-11D3-BF4B-00C04F79EFBC}") = "JudgeWeb.Features.ApiExplorer", "JudgeWeb.Features.ApiExplorer\JudgeWeb.Features.ApiExplorer.csproj", "{3A8DBA6C-A889-4F9E-9E93-F29796E1D4B3}"
EndProject
Global
	GlobalSection(SolutionConfigurationPlatforms) = preSolution
		Debug|Any CPU = Debug|Any CPU
		Release|Any CPU = Release|Any CPU
	EndGlobalSection
	GlobalSection(ProjectConfigurationPlatforms) = postSolution
		{63157208-B624-4398-83F5-09AAD2417349}.Debug|Any CPU.ActiveCfg = Debug|Any CPU
		{63157208-B624-4398-83F5-09AAD2417349}.Debug|Any CPU.Build.0 = Debug|Any CPU
		{63157208-B624-4398-83F5-09AAD2417349}.Release|Any CPU.ActiveCfg = Release|Any CPU
		{63157208-B624-4398-83F5-09AAD2417349}.Release|Any CPU.Build.0 = Release|Any CPU
		{2180993C-40DC-4B6A-976B-BEB56111AF91}.Debug|Any CPU.ActiveCfg = Debug|Any CPU
		{2180993C-40DC-4B6A-976B-BEB56111AF91}.Debug|Any CPU.Build.0 = Debug|Any CPU
		{2180993C-40DC-4B6A-976B-BEB56111AF91}.Release|Any CPU.ActiveCfg = Release|Any CPU
		{2180993C-40DC-4B6A-976B-BEB56111AF91}.Release|Any CPU.Build.0 = Release|Any CPU
		{CB2F800A-D394-4B29-9992-C07785E06AB3}.Debug|Any CPU.ActiveCfg = Debug|Any CPU
		{CB2F800A-D394-4B29-9992-C07785E06AB3}.Debug|Any CPU.Build.0 = Debug|Any CPU
		{CB2F800A-D394-4B29-9992-C07785E06AB3}.Release|Any CPU.ActiveCfg = Release|Any CPU
		{CB2F800A-D394-4B29-9992-C07785E06AB3}.Release|Any CPU.Build.0 = Release|Any CPU
		{5A472580-2683-45C1-829D-A84967F7E655}.Debug|Any CPU.ActiveCfg = Debug|Any CPU
		{5A472580-2683-45C1-829D-A84967F7E655}.Debug|Any CPU.Build.0 = Debug|Any CPU
		{5A472580-2683-45C1-829D-A84967F7E655}.Release|Any CPU.ActiveCfg = Release|Any CPU
		{5A472580-2683-45C1-829D-A84967F7E655}.Release|Any CPU.Build.0 = Release|Any CPU
		{7DEF4287-E028-4CC7-8042-F6388670E561}.Debug|Any CPU.ActiveCfg = Debug|Any CPU
		{7DEF4287-E028-4CC7-8042-F6388670E561}.Debug|Any CPU.Build.0 = Debug|Any CPU
		{7DEF4287-E028-4CC7-8042-F6388670E561}.Release|Any CPU.ActiveCfg = Release|Any CPU
		{7DEF4287-E028-4CC7-8042-F6388670E561}.Release|Any CPU.Build.0 = Release|Any CPU
		{FF940EE2-001C-42D3-A1D4-92F794065BBA}.Debug|Any CPU.ActiveCfg = Debug|Any CPU
		{FF940EE2-001C-42D3-A1D4-92F794065BBA}.Debug|Any CPU.Build.0 = Debug|Any CPU
		{FF940EE2-001C-42D3-A1D4-92F794065BBA}.Release|Any CPU.ActiveCfg = Release|Any CPU
		{FF940EE2-001C-42D3-A1D4-92F794065BBA}.Release|Any CPU.Build.0 = Release|Any CPU
		{E4488001-866E-4889-BB76-5530D6FF6011}.Debug|Any CPU.ActiveCfg = Debug|Any CPU
		{E4488001-866E-4889-BB76-5530D6FF6011}.Debug|Any CPU.Build.0 = Debug|Any CPU
		{E4488001-866E-4889-BB76-5530D6FF6011}.Release|Any CPU.ActiveCfg = Release|Any CPU
		{E4488001-866E-4889-BB76-5530D6FF6011}.Release|Any CPU.Build.0 = Release|Any CPU
		{0E68EB4A-30BC-4145-8770-2174B2F4DAF7}.Debug|Any CPU.ActiveCfg = Debug|Any CPU
		{0E68EB4A-30BC-4145-8770-2174B2F4DAF7}.Debug|Any CPU.Build.0 = Debug|Any CPU
		{0E68EB4A-30BC-4145-8770-2174B2F4DAF7}.Release|Any CPU.ActiveCfg = Release|Any CPU
		{0E68EB4A-30BC-4145-8770-2174B2F4DAF7}.Release|Any CPU.Build.0 = Release|Any CPU
		{AF684CA6-B393-43F2-B217-FE4D2F83FBB5}.Debug|Any CPU.ActiveCfg = Debug|Any CPU
		{AF684CA6-B393-43F2-B217-FE4D2F83FBB5}.Debug|Any CPU.Build.0 = Debug|Any CPU
		{AF684CA6-B393-43F2-B217-FE4D2F83FBB5}.Release|Any CPU.ActiveCfg = Release|Any CPU
		{AF684CA6-B393-43F2-B217-FE4D2F83FBB5}.Release|Any CPU.Build.0 = Release|Any CPU
		{67A5D1EC-5682-4FDD-8519-7F08A05F1698}.Debug|Any CPU.ActiveCfg = Debug|Any CPU
		{67A5D1EC-5682-4FDD-8519-7F08A05F1698}.Debug|Any CPU.Build.0 = Debug|Any CPU
		{67A5D1EC-5682-4FDD-8519-7F08A05F1698}.Release|Any CPU.ActiveCfg = Release|Any CPU
		{67A5D1EC-5682-4FDD-8519-7F08A05F1698}.Release|Any CPU.Build.0 = Release|Any CPU
		{A9F932A3-7857-405B-B1DA-B0C620AD55DA}.Debug|Any CPU.ActiveCfg = Debug|Any CPU
		{A9F932A3-7857-405B-B1DA-B0C620AD55DA}.Debug|Any CPU.Build.0 = Debug|Any CPU
		{A9F932A3-7857-405B-B1DA-B0C620AD55DA}.Release|Any CPU.ActiveCfg = Release|Any CPU
		{A9F932A3-7857-405B-B1DA-B0C620AD55DA}.Release|Any CPU.Build.0 = Release|Any CPU
		{D8E990C7-E4BE-4F2D-AF36-BE6810CBCF1B}.Debug|Any CPU.ActiveCfg = Debug|Any CPU
		{D8E990C7-E4BE-4F2D-AF36-BE6810CBCF1B}.Debug|Any CPU.Build.0 = Debug|Any CPU
		{D8E990C7-E4BE-4F2D-AF36-BE6810CBCF1B}.Release|Any CPU.ActiveCfg = Release|Any CPU
		{D8E990C7-E4BE-4F2D-AF36-BE6810CBCF1B}.Release|Any CPU.Build.0 = Release|Any CPU
		{1AD941C5-B117-486D-A168-0FCE4118568D}.Debug|Any CPU.ActiveCfg = Debug|Any CPU
		{1AD941C5-B117-486D-A168-0FCE4118568D}.Debug|Any CPU.Build.0 = Debug|Any CPU
		{1AD941C5-B117-486D-A168-0FCE4118568D}.Release|Any CPU.ActiveCfg = Release|Any CPU
		{1AD941C5-B117-486D-A168-0FCE4118568D}.Release|Any CPU.Build.0 = Release|Any CPU
		{07C5FC60-F1A0-4278-A4EF-91ACD9934E3B}.Debug|Any CPU.ActiveCfg = Debug|Any CPU
		{07C5FC60-F1A0-4278-A4EF-91ACD9934E3B}.Debug|Any CPU.Build.0 = Debug|Any CPU
		{07C5FC60-F1A0-4278-A4EF-91ACD9934E3B}.Release|Any CPU.ActiveCfg = Release|Any CPU
		{07C5FC60-F1A0-4278-A4EF-91ACD9934E3B}.Release|Any CPU.Build.0 = Release|Any CPU
		{71732EED-D350-460C-BCEF-19417F56D65F}.Debug|Any CPU.ActiveCfg = Debug|Any CPU
		{71732EED-D350-460C-BCEF-19417F56D65F}.Debug|Any CPU.Build.0 = Debug|Any CPU
		{71732EED-D350-460C-BCEF-19417F56D65F}.Release|Any CPU.ActiveCfg = Release|Any CPU
		{71732EED-D350-460C-BCEF-19417F56D65F}.Release|Any CPU.Build.0 = Release|Any CPU
		{4EF195FB-08B1-4C57-94EB-18DBA98B0541}.Debug|Any CPU.ActiveCfg = Debug|Any CPU
		{4EF195FB-08B1-4C57-94EB-18DBA98B0541}.Debug|Any CPU.Build.0 = Debug|Any CPU
		{4EF195FB-08B1-4C57-94EB-18DBA98B0541}.Release|Any CPU.ActiveCfg = Release|Any CPU
		{4EF195FB-08B1-4C57-94EB-18DBA98B0541}.Release|Any CPU.Build.0 = Release|Any CPU
		{68FD4178-10C0-4C53-BFE2-DC61FF4FCC7C}.Debug|Any CPU.ActiveCfg = Debug|Any CPU
		{68FD4178-10C0-4C53-BFE2-DC61FF4FCC7C}.Debug|Any CPU.Build.0 = Debug|Any CPU
		{68FD4178-10C0-4C53-BFE2-DC61FF4FCC7C}.Release|Any CPU.ActiveCfg = Release|Any CPU
		{68FD4178-10C0-4C53-BFE2-DC61FF4FCC7C}.Release|Any CPU.Build.0 = Release|Any CPU
		{3A8DBA6C-A889-4F9E-9E93-F29796E1D4B3}.Debug|Any CPU.ActiveCfg = Debug|Any CPU
		{3A8DBA6C-A889-4F9E-9E93-F29796E1D4B3}.Debug|Any CPU.Build.0 = Debug|Any CPU
		{3A8DBA6C-A889-4F9E-9E93-F29796E1D4B3}.Release|Any CPU.ActiveCfg = Release|Any CPU
		{3A8DBA6C-A889-4F9E-9E93-F29796E1D4B3}.Release|Any CPU.Build.0 = Release|Any CPU
	EndGlobalSection
	GlobalSection(SolutionProperties) = preSolution
		HideSolutionNode = FALSE
	EndGlobalSection
	GlobalSection(NestedProjects) = preSolution
		{2180993C-40DC-4B6A-976B-BEB56111AF91} = {AD3B2CEC-7BDE-46B0-B9DB-BE3717CAEE13}
		{CB2F800A-D394-4B29-9992-C07785E06AB3} = {AD3B2CEC-7BDE-46B0-B9DB-BE3717CAEE13}
		{5A472580-2683-45C1-829D-A84967F7E655} = {AD3B2CEC-7BDE-46B0-B9DB-BE3717CAEE13}
		{7DEF4287-E028-4CC7-8042-F6388670E561} = {AD3B2CEC-7BDE-46B0-B9DB-BE3717CAEE13}
		{FF940EE2-001C-42D3-A1D4-92F794065BBA} = {AD3B2CEC-7BDE-46B0-B9DB-BE3717CAEE13}
		{E4488001-866E-4889-BB76-5530D6FF6011} = {AD3B2CEC-7BDE-46B0-B9DB-BE3717CAEE13}
		{AF684CA6-B393-43F2-B217-FE4D2F83FBB5} = {9899DEFC-868A-434C-A666-DBD2E829FA3F}
		{67A5D1EC-5682-4FDD-8519-7F08A05F1698} = {9899DEFC-868A-434C-A666-DBD2E829FA3F}
		{A9F932A3-7857-405B-B1DA-B0C620AD55DA} = {9899DEFC-868A-434C-A666-DBD2E829FA3F}
		{D8E990C7-E4BE-4F2D-AF36-BE6810CBCF1B} = {9899DEFC-868A-434C-A666-DBD2E829FA3F}
		{1AD941C5-B117-486D-A168-0FCE4118568D} = {9899DEFC-868A-434C-A666-DBD2E829FA3F}
		{07C5FC60-F1A0-4278-A4EF-91ACD9934E3B} = {AD3B2CEC-7BDE-46B0-B9DB-BE3717CAEE13}
		{71732EED-D350-460C-BCEF-19417F56D65F} = {AD3B2CEC-7BDE-46B0-B9DB-BE3717CAEE13}
		{4EF195FB-08B1-4C57-94EB-18DBA98B0541} = {AD3B2CEC-7BDE-46B0-B9DB-BE3717CAEE13}
		{68FD4178-10C0-4C53-BFE2-DC61FF4FCC7C} = {AD3B2CEC-7BDE-46B0-B9DB-BE3717CAEE13}
		{3A8DBA6C-A889-4F9E-9E93-F29796E1D4B3} = {AD3B2CEC-7BDE-46B0-B9DB-BE3717CAEE13}
	EndGlobalSection
	GlobalSection(ExtensibilityGlobals) = postSolution
		SolutionGuid = {63A11EAF-DF83-49FD-B3CD-4AB686D1C955}
	EndGlobalSection
EndGlobal
